// !$*UTF8*$!
{
	archiveVersion = 1;
	classes = {
	};
	objectVersion = 50;
	objects = {

/* Begin PBXBuildFile section */
		433565EF20786B69002800A5 /* AppDelegate.swift in Sources */ = {isa = PBXBuildFile; fileRef = 433565EE20786B69002800A5 /* AppDelegate.swift */; };
		433565F120786B69002800A5 /* ViewController.swift in Sources */ = {isa = PBXBuildFile; fileRef = 433565F020786B69002800A5 /* ViewController.swift */; };
		433565F420786B69002800A5 /* Main.storyboard in Resources */ = {isa = PBXBuildFile; fileRef = 433565F220786B69002800A5 /* Main.storyboard */; };
		433565F620786B6A002800A5 /* Assets.xcassets in Resources */ = {isa = PBXBuildFile; fileRef = 433565F520786B6A002800A5 /* Assets.xcassets */; };
		433565F920786B6A002800A5 /* LaunchScreen.storyboard in Resources */ = {isa = PBXBuildFile; fileRef = 433565F720786B6A002800A5 /* LaunchScreen.storyboard */; };
		4335660420786B6A002800A5 /* ARPlaneFlyDemoTests.swift in Sources */ = {isa = PBXBuildFile; fileRef = 4335660320786B6A002800A5 /* ARPlaneFlyDemoTests.swift */; };
		4335660F20786B6A002800A5 /* ARPlaneFlyDemoUITests.swift in Sources */ = {isa = PBXBuildFile; fileRef = 4335660E20786B6A002800A5 /* ARPlaneFlyDemoUITests.swift */; };
		4335661D20786BB0002800A5 /* ARSCNViewViewController.swift in Sources */ = {isa = PBXBuildFile; fileRef = 4335661C20786BB0002800A5 /* ARSCNViewViewController.swift */; };
		4335661F20786DD2002800A5 /* Models.scnassets in Resources */ = {isa = PBXBuildFile; fileRef = 4335661E20786DD2002800A5 /* Models.scnassets */; };
/* End PBXBuildFile section */

/* Begin PBXContainerItemProxy section */
		4335660020786B6A002800A5 /* PBXContainerItemProxy */ = {
			isa = PBXContainerItemProxy;
			containerPortal = 433565E320786B69002800A5 /* Project object */;
			proxyType = 1;
			remoteGlobalIDString = 433565EA20786B69002800A5;
			remoteInfo = ARPlaneFlyDemo;
		};
		4335660B20786B6A002800A5 /* PBXContainerItemProxy */ = {
			isa = PBXContainerItemProxy;
			containerPortal = 433565E320786B69002800A5 /* Project object */;
			proxyType = 1;
			remoteGlobalIDString = 433565EA20786B69002800A5;
			remoteInfo = ARPlaneFlyDemo;
		};
/* End PBXContainerItemProxy section */

/* Begin PBXFileReference section */
		433565EB20786B69002800A5 /* ARPlaneFlyDemo.app */ = {isa = PBXFileReference; explicitFileType = wrapper.application; includeInIndex = 0; path = ARPlaneFlyDemo.app; sourceTree = BUILT_PRODUCTS_DIR; };
		433565EE20786B69002800A5 /* AppDelegate.swift */ = {isa = PBXFileReference; lastKnownFileType = sourcecode.swift; path = AppDelegate.swift; sourceTree = "<group>"; };
		433565F020786B69002800A5 /* ViewController.swift */ = {isa = PBXFileReference; lastKnownFileType = sourcecode.swift; path = ViewController.swift; sourceTree = "<group>"; };
		433565F320786B69002800A5 /* Base */ = {isa = PBXFileReference; lastKnownFileType = file.storyboard; name = Base; path = Base.lproj/Main.storyboard; sourceTree = "<group>"; };
		433565F520786B6A002800A5 /* Assets.xcassets */ = {isa = PBXFileReference; lastKnownFileType = folder.assetcatalog; path = Assets.xcassets; sourceTree = "<group>"; };
		433565F820786B6A002800A5 /* Base */ = {isa = PBXFileReference; lastKnownFileType = file.storyboard; name = Base; path = Base.lproj/LaunchScreen.storyboard; sourceTree = "<group>"; };
		433565FA20786B6A002800A5 /* Info.plist */ = {isa = PBXFileReference; lastKnownFileType = text.plist.xml; path = Info.plist; sourceTree = "<group>"; };
		433565FF20786B6A002800A5 /* ARPlaneFlyDemoTests.xctest */ = {isa = PBXFileReference; explicitFileType = wrapper.cfbundle; includeInIndex = 0; path = ARPlaneFlyDemoTests.xctest; sourceTree = BUILT_PRODUCTS_DIR; };
		4335660320786B6A002800A5 /* ARPlaneFlyDemoTests.swift */ = {isa = PBXFileReference; lastKnownFileType = sourcecode.swift; path = ARPlaneFlyDemoTests.swift; sourceTree = "<group>"; };
		4335660520786B6A002800A5 /* Info.plist */ = {isa = PBXFileReference; lastKnownFileType = text.plist.xml; path = Info.plist; sourceTree = "<group>"; };
		4335660A20786B6A002800A5 /* ARPlaneFlyDemoUITests.xctest */ = {isa = PBXFileReference; explicitFileType = wrapper.cfbundle; includeInIndex = 0; path = ARPlaneFlyDemoUITests.xctest; sourceTree = BUILT_PRODUCTS_DIR; };
		4335660E20786B6A002800A5 /* ARPlaneFlyDemoUITests.swift */ = {isa = PBXFileReference; lastKnownFileType = sourcecode.swift; path = ARPlaneFlyDemoUITests.swift; sourceTree = "<group>"; };
		4335661020786B6A002800A5 /* Info.plist */ = {isa = PBXFileReference; lastKnownFileType = text.plist.xml; path = Info.plist; sourceTree = "<group>"; };
		4335661C20786BB0002800A5 /* ARSCNViewViewController.swift */ = {isa = PBXFileReference; lastKnownFileType = sourcecode.swift; path = ARSCNViewViewController.swift; sourceTree = "<group>"; };
		4335661E20786DD2002800A5 /* Models.scnassets */ = {isa = PBXFileReference; lastKnownFileType = wrapper.scnassets; path = Models.scnassets; sourceTree = "<group>"; };
/* End PBXFileReference section */

/* Begin PBXFrameworksBuildPhase section */
		433565E820786B69002800A5 /* Frameworks */ = {
			isa = PBXFrameworksBuildPhase;
			buildActionMask = 2147483647;
			files = (
			);
			runOnlyForDeploymentPostprocessing = 0;
		};
		433565FC20786B6A002800A5 /* Frameworks */ = {
			isa = PBXFrameworksBuildPhase;
			buildActionMask = 2147483647;
			files = (
			);
			runOnlyForDeploymentPostprocessing = 0;
		};
		4335660720786B6A002800A5 /* Frameworks */ = {
			isa = PBXFrameworksBuildPhase;
			buildActionMask = 2147483647;
			files = (
			);
			runOnlyForDeploymentPostprocessing = 0;
		};
/* End PBXFrameworksBuildPhase section */

/* Begin PBXGroup section */
		433565E220786B69002800A5 = {
			isa = PBXGroup;
			children = (
				433565ED20786B69002800A5 /* ARPlaneFlyDemo */,
				4335660220786B6A002800A5 /* ARPlaneFlyDemoTests */,
				4335660D20786B6A002800A5 /* ARPlaneFlyDemoUITests */,
				433565EC20786B69002800A5 /* Products */,
			);
			sourceTree = "<group>";
		};
		433565EC20786B69002800A5 /* Products */ = {
			isa = PBXGroup;
			children = (
				433565EB20786B69002800A5 /* ARPlaneFlyDemo.app */,
				433565FF20786B6A002800A5 /* ARPlaneFlyDemoTests.xctest */,
				4335660A20786B6A002800A5 /* ARPlaneFlyDemoUITests.xctest */,
			);
			name = Products;
			sourceTree = "<group>";
		};
		433565ED20786B69002800A5 /* ARPlaneFlyDemo */ = {
			isa = PBXGroup;
			children = (
				433565EE20786B69002800A5 /* AppDelegate.swift */,
				433565F020786B69002800A5 /* ViewController.swift */,
				4335661C20786BB0002800A5 /* ARSCNViewViewController.swift */,
				433565F220786B69002800A5 /* Main.storyboard */,
				4335661E20786DD2002800A5 /* Models.scnassets */,
				433565F520786B6A002800A5 /* Assets.xcassets */,
				433565F720786B6A002800A5 /* LaunchScreen.storyboard */,
				433565FA20786B6A002800A5 /* Info.plist */,
			);
			path = ARPlaneFlyDemo;
			sourceTree = "<group>";
		};
		4335660220786B6A002800A5 /* ARPlaneFlyDemoTests */ = {
			isa = PBXGroup;
			children = (
				4335660320786B6A002800A5 /* ARPlaneFlyDemoTests.swift */,
				4335660520786B6A002800A5 /* Info.plist */,
			);
			path = ARPlaneFlyDemoTests;
			sourceTree = "<group>";
		};
		4335660D20786B6A002800A5 /* ARPlaneFlyDemoUITests */ = {
			isa = PBXGroup;
			children = (
				4335660E20786B6A002800A5 /* ARPlaneFlyDemoUITests.swift */,
				4335661020786B6A002800A5 /* Info.plist */,
			);
			path = ARPlaneFlyDemoUITests;
			sourceTree = "<group>";
		};
/* End PBXGroup section */

/* Begin PBXNativeTarget section */
		433565EA20786B69002800A5 /* ARPlaneFlyDemo */ = {
			isa = PBXNativeTarget;
			buildConfigurationList = 4335661320786B6B002800A5 /* Build configuration list for PBXNativeTarget "ARPlaneFlyDemo" */;
			buildPhases = (
				433565E720786B69002800A5 /* Sources */,
				433565E820786B69002800A5 /* Frameworks */,
				433565E920786B69002800A5 /* Resources */,
			);
			buildRules = (
			);
			dependencies = (
			);
			name = ARPlaneFlyDemo;
			productName = ARPlaneFlyDemo;
			productReference = 433565EB20786B69002800A5 /* ARPlaneFlyDemo.app */;
			productType = "com.apple.product-type.application";
		};
		433565FE20786B6A002800A5 /* ARPlaneFlyDemoTests */ = {
			isa = PBXNativeTarget;
			buildConfigurationList = 4335661620786B6B002800A5 /* Build configuration list for PBXNativeTarget "ARPlaneFlyDemoTests" */;
			buildPhases = (
				433565FB20786B6A002800A5 /* Sources */,
				433565FC20786B6A002800A5 /* Frameworks */,
				433565FD20786B6A002800A5 /* Resources */,
			);
			buildRules = (
			);
			dependencies = (
				4335660120786B6A002800A5 /* PBXTargetDependency */,
			);
			name = ARPlaneFlyDemoTests;
			productName = ARPlaneFlyDemoTests;
			productReference = 433565FF20786B6A002800A5 /* ARPlaneFlyDemoTests.xctest */;
			productType = "com.apple.product-type.bundle.unit-test";
		};
		4335660920786B6A002800A5 /* ARPlaneFlyDemoUITests */ = {
			isa = PBXNativeTarget;
			buildConfigurationList = 4335661920786B6B002800A5 /* Build configuration list for PBXNativeTarget "ARPlaneFlyDemoUITests" */;
			buildPhases = (
				4335660620786B6A002800A5 /* Sources */,
				4335660720786B6A002800A5 /* Frameworks */,
				4335660820786B6A002800A5 /* Resources */,
			);
			buildRules = (
			);
			dependencies = (
				4335660C20786B6A002800A5 /* PBXTargetDependency */,
			);
			name = ARPlaneFlyDemoUITests;
			productName = ARPlaneFlyDemoUITests;
			productReference = 4335660A20786B6A002800A5 /* ARPlaneFlyDemoUITests.xctest */;
			productType = "com.apple.product-type.bundle.ui-testing";
		};
/* End PBXNativeTarget section */

/* Begin PBXProject section */
		433565E320786B69002800A5 /* Project object */ = {
			isa = PBXProject;
			attributes = {
				LastSwiftUpdateCheck = 0930;
				LastUpgradeCheck = 0930;
				ORGANIZATIONNAME = sankai;
				TargetAttributes = {
					433565EA20786B69002800A5 = {
						CreatedOnToolsVersion = 9.3;
					};
					433565FE20786B6A002800A5 = {
						CreatedOnToolsVersion = 9.3;
						TestTargetID = 433565EA20786B69002800A5;
					};
					4335660920786B6A002800A5 = {
						CreatedOnToolsVersion = 9.3;
						TestTargetID = 433565EA20786B69002800A5;
					};
				};
			};
			buildConfigurationList = 433565E620786B69002800A5 /* Build configuration list for PBXProject "ARPlaneFlyDemo" */;
			compatibilityVersion = "Xcode 9.3";
			developmentRegion = en;
			hasScannedForEncodings = 0;
			knownRegions = (
				en,
				Base,
			);
			mainGroup = 433565E220786B69002800A5;
			productRefGroup = 433565EC20786B69002800A5 /* Products */;
			projectDirPath = "";
			projectRoot = "";
			targets = (
				433565EA20786B69002800A5 /* ARPlaneFlyDemo */,
				433565FE20786B6A002800A5 /* ARPlaneFlyDemoTests */,
				4335660920786B6A002800A5 /* ARPlaneFlyDemoUITests */,
			);
		};
/* End PBXProject section */

/* Begin PBXResourcesBuildPhase section */
		433565E920786B69002800A5 /* Resources */ = {
			isa = PBXResourcesBuildPhase;
			buildActionMask = 2147483647;
			files = (
				433565F920786B6A002800A5 /* LaunchScreen.storyboard in Resources */,
				4335661F20786DD2002800A5 /* Models.scnassets in Resources */,
				433565F620786B6A002800A5 /* Assets.xcassets in Resources */,
				433565F420786B69002800A5 /* Main.storyboard in Resources */,
			);
			runOnlyForDeploymentPostprocessing = 0;
		};
		433565FD20786B6A002800A5 /* Resources */ = {
			isa = PBXResourcesBuildPhase;
			buildActionMask = 2147483647;
			files = (
			);
			runOnlyForDeploymentPostprocessing = 0;
		};
		4335660820786B6A002800A5 /* Resources */ = {
			isa = PBXResourcesBuildPhase;
			buildActionMask = 2147483647;
			files = (
			);
			runOnlyForDeploymentPostprocessing = 0;
		};
/* End PBXResourcesBuildPhase section */

/* Begin PBXSourcesBuildPhase section */
		433565E720786B69002800A5 /* Sources */ = {
			isa = PBXSourcesBuildPhase;
			buildActionMask = 2147483647;
			files = (
				433565F120786B69002800A5 /* ViewController.swift in Sources */,
				433565EF20786B69002800A5 /* AppDelegate.swift in Sources */,
				4335661D20786BB0002800A5 /* ARSCNViewViewController.swift in Sources */,
			);
			runOnlyForDeploymentPostprocessing = 0;
		};
		433565FB20786B6A002800A5 /* Sources */ = {
			isa = PBXSourcesBuildPhase;
			buildActionMask = 2147483647;
			files = (
				4335660420786B6A002800A5 /* ARPlaneFlyDemoTests.swift in Sources */,
			);
			runOnlyForDeploymentPostprocessing = 0;
		};
		4335660620786B6A002800A5 /* Sources */ = {
			isa = PBXSourcesBuildPhase;
			buildActionMask = 2147483647;
			files = (
				4335660F20786B6A002800A5 /* ARPlaneFlyDemoUITests.swift in Sources */,
			);
			runOnlyForDeploymentPostprocessing = 0;
		};
/* End PBXSourcesBuildPhase section */

/* Begin PBXTargetDependency section */
		4335660120786B6A002800A5 /* PBXTargetDependency */ = {
			isa = PBXTargetDependency;
			target = 433565EA20786B69002800A5 /* ARPlaneFlyDemo */;
			targetProxy = 4335660020786B6A002800A5 /* PBXContainerItemProxy */;
		};
		4335660C20786B6A002800A5 /* PBXTargetDependency */ = {
			isa = PBXTargetDependency;
			target = 433565EA20786B69002800A5 /* ARPlaneFlyDemo */;
			targetProxy = 4335660B20786B6A002800A5 /* PBXContainerItemProxy */;
		};
/* End PBXTargetDependency section */

/* Begin PBXVariantGroup section */
		433565F220786B69002800A5 /* Main.storyboard */ = {
			isa = PBXVariantGroup;
			children = (
				433565F320786B69002800A5 /* Base */,
			);
			name = Main.storyboard;
			sourceTree = "<group>";
		};
		433565F720786B6A002800A5 /* LaunchScreen.storyboard */ = {
			isa = PBXVariantGroup;
			children = (
				433565F820786B6A002800A5 /* Base */,
			);
			name = LaunchScreen.storyboard;
			sourceTree = "<group>";
		};
/* End PBXVariantGroup section */

/* Begin XCBuildConfiguration section */
		4335661120786B6B002800A5 /* Debug */ = {
			isa = XCBuildConfiguration;
			buildSettings = {
				ALWAYS_SEARCH_USER_PATHS = NO;
				CLANG_ANALYZER_NONNULL = YES;
				CLANG_ANALYZER_NUMBER_OBJECT_CONVERSION = YES_AGGRESSIVE;
				CLANG_CXX_LANGUAGE_STANDARD = "gnu++14";
				CLANG_CXX_LIBRARY = "libc++";
				CLANG_ENABLE_MODULES = YES;
				CLANG_ENABLE_OBJC_ARC = YES;
				CLANG_ENABLE_OBJC_WEAK = YES;
				CLANG_WARN_BLOCK_CAPTURE_AUTORELEASING = YES;
				CLANG_WARN_BOOL_CONVERSION = YES;
				CLANG_WARN_COMMA = YES;
				CLANG_WARN_CONSTANT_CONVERSION = YES;
				CLANG_WARN_DEPRECATED_OBJC_IMPLEMENTATIONS = YES;
				CLANG_WARN_DIRECT_OBJC_ISA_USAGE = YES_ERROR;
				CLANG_WARN_DOCUMENTATION_COMMENTS = YES;
				CLANG_WARN_EMPTY_BODY = YES;
				CLANG_WARN_ENUM_CONVERSION = YES;
				CLANG_WARN_INFINITE_RECURSION = YES;
				CLANG_WARN_INT_CONVERSION = YES;
				CLANG_WARN_NON_LITERAL_NULL_CONVERSION = YES;
				CLANG_WARN_OBJC_IMPLICIT_RETAIN_SELF = YES;
				CLANG_WARN_OBJC_LITERAL_CONVERSION = YES;
				CLANG_WARN_OBJC_ROOT_CLASS = YES_ERROR;
				CLANG_WARN_RANGE_LOOP_ANALYSIS = YES;
				CLANG_WARN_STRICT_PROTOTYPES = YES;
				CLANG_WARN_SUSPICIOUS_MOVE = YES;
				CLANG_WARN_UNGUARDED_AVAILABILITY = YES_AGGRESSIVE;
				CLANG_WARN_UNREACHABLE_CODE = YES;
				CLANG_WARN__DUPLICATE_METHOD_MATCH = YES;
				CODE_SIGN_IDENTITY = "iPhone Developer";
				COPY_PHASE_STRIP = NO;
				DEBUG_INFORMATION_FORMAT = dwarf;
				ENABLE_STRICT_OBJC_MSGSEND = YES;
				ENABLE_TESTABILITY = YES;
				GCC_C_LANGUAGE_STANDARD = gnu11;
				GCC_DYNAMIC_NO_PIC = NO;
				GCC_NO_COMMON_BLOCKS = YES;
				GCC_OPTIMIZATION_LEVEL = 0;
				GCC_PREPROCESSOR_DEFINITIONS = (
					"DEBUG=1",
					"$(inherited)",
				);
				GCC_WARN_64_TO_32_BIT_CONVERSION = YES;
				GCC_WARN_ABOUT_RETURN_TYPE = YES_ERROR;
				GCC_WARN_UNDECLARED_SELECTOR = YES;
				GCC_WARN_UNINITIALIZED_AUTOS = YES_AGGRESSIVE;
				GCC_WARN_UNUSED_FUNCTION = YES;
				GCC_WARN_UNUSED_VARIABLE = YES;
				IPHONEOS_DEPLOYMENT_TARGET = 11.3;
				MTL_ENABLE_DEBUG_INFO = YES;
				ONLY_ACTIVE_ARCH = YES;
				SDKROOT = iphoneos;
				SWIFT_ACTIVE_COMPILATION_CONDITIONS = DEBUG;
				SWIFT_OPTIMIZATION_LEVEL = "-Onone";
			};
			name = Debug;
		};
		4335661220786B6B002800A5 /* Release */ = {
			isa = XCBuildConfiguration;
			buildSettings = {
				ALWAYS_SEARCH_USER_PATHS = NO;
				CLANG_ANALYZER_NONNULL = YES;
				CLANG_ANALYZER_NUMBER_OBJECT_CONVERSION = YES_AGGRESSIVE;
				CLANG_CXX_LANGUAGE_STANDARD = "gnu++14";
				CLANG_CXX_LIBRARY = "libc++";
				CLANG_ENABLE_MODULES = YES;
				CLANG_ENABLE_OBJC_ARC = YES;
				CLANG_ENABLE_OBJC_WEAK = YES;
				CLANG_WARN_BLOCK_CAPTURE_AUTORELEASING = YES;
				CLANG_WARN_BOOL_CONVERSION = YES;
				CLANG_WARN_COMMA = YES;
				CLANG_WARN_CONSTANT_CONVERSION = YES;
				CLANG_WARN_DEPRECATED_OBJC_IMPLEMENTATIONS = YES;
				CLANG_WARN_DIRECT_OBJC_ISA_USAGE = YES_ERROR;
				CLANG_WARN_DOCUMENTATION_COMMENTS = YES;
				CLANG_WARN_EMPTY_BODY = YES;
				CLANG_WARN_ENUM_CONVERSION = YES;
				CLANG_WARN_INFINITE_RECURSION = YES;
				CLANG_WARN_INT_CONVERSION = YES;
				CLANG_WARN_NON_LITERAL_NULL_CONVERSION = YES;
				CLANG_WARN_OBJC_IMPLICIT_RETAIN_SELF = YES;
				CLANG_WARN_OBJC_LITERAL_CONVERSION = YES;
				CLANG_WARN_OBJC_ROOT_CLASS = YES_ERROR;
				CLANG_WARN_RANGE_LOOP_ANALYSIS = YES;
				CLANG_WARN_STRICT_PROTOTYPES = YES;
				CLANG_WARN_SUSPICIOUS_MOVE = YES;
				CLANG_WARN_UNGUARDED_AVAILABILITY = YES_AGGRESSIVE;
				CLANG_WARN_UNREACHABLE_CODE = YES;
				CLANG_WARN__DUPLICATE_METHOD_MATCH = YES;
				CODE_SIGN_IDENTITY = "iPhone Developer";
				COPY_PHASE_STRIP = NO;
				DEBUG_INFORMATION_FORMAT = "dwarf-with-dsym";
				ENABLE_NS_ASSERTIONS = NO;
				ENABLE_STRICT_OBJC_MSGSEND = YES;
				GCC_C_LANGUAGE_STANDARD = gnu11;
				GCC_NO_COMMON_BLOCKS = YES;
				GCC_WARN_64_TO_32_BIT_CONVERSION = YES;
				GCC_WARN_ABOUT_RETURN_TYPE = YES_ERROR;
				GCC_WARN_UNDECLARED_SELECTOR = YES;
				GCC_WARN_UNINITIALIZED_AUTOS = YES_AGGRESSIVE;
				GCC_WARN_UNUSED_FUNCTION = YES;
				GCC_WARN_UNUSED_VARIABLE = YES;
				IPHONEOS_DEPLOYMENT_TARGET = 11.3;
				MTL_ENABLE_DEBUG_INFO = NO;
				SDKROOT = iphoneos;
				SWIFT_COMPILATION_MODE = wholemodule;
				SWIFT_OPTIMIZATION_LEVEL = "-O";
				VALIDATE_PRODUCT = YES;
			};
			name = Release;
		};
		4335661420786B6B002800A5 /* Debug */ = {
			isa = XCBuildConfiguration;
			buildSettings = {
				ASSETCATALOG_COMPILER_APPICON_NAME = AppIcon;
				CODE_SIGN_STYLE = Automatic;
				DEVELOPMENT_TEAM = 7WW69WRWC7;
				INFOPLIST_FILE = ARPlaneFlyDemo/Info.plist;
				LD_RUNPATH_SEARCH_PATHS = (
					"$(inherited)",
					"@executable_path/Frameworks",
				);
				PRODUCT_BUNDLE_IDENTIFIER = sankai.ARPlaneFlyDemo;
				PRODUCT_NAME = "$(TARGET_NAME)";
				SWIFT_VERSION = 4.0;
				TARGETED_DEVICE_FAMILY = "1,2";
			};
			name = Debug;
		};
		4335661520786B6B002800A5 /* Release */ = {
			isa = XCBuildConfiguration;
			buildSettings = {
				ASSETCATALOG_COMPILER_APPICON_NAME = AppIcon;
				CODE_SIGN_STYLE = Automatic;
				DEVELOPMENT_TEAM = 7WW69WRWC7;
				INFOPLIST_FILE = ARPlaneFlyDemo/Info.plist;
				LD_RUNPATH_SEARCH_PATHS = (
					"$(inherited)",
					"@executable_path/Frameworks",
				);
				PRODUCT_BUNDLE_IDENTIFIER = sankai.ARPlaneFlyDemo;
				PRODUCT_NAME = "$(TARGET_NAME)";
				SWIFT_VERSION = 4.0;
				TARGETED_DEVICE_FAMILY = "1,2";
			};
			name = Release;
		};
		4335661720786B6B002800A5 /* Debug */ = {
			isa = XCBuildConfiguration;
			buildSettings = {
				ALWAYS_EMBED_SWIFT_STANDARD_LIBRARIES = YES;
				BUNDLE_LOADER = "$(TEST_HOST)";
				CODE_SIGN_STYLE = Automatic;
				INFOPLIST_FILE = ARPlaneFlyDemoTests/Info.plist;
				LD_RUNPATH_SEARCH_PATHS = (
					"$(inherited)",
					"@executable_path/Frameworks",
					"@loader_path/Frameworks",
				);
				PRODUCT_BUNDLE_IDENTIFIER = sankai.ARPlaneFlyDemoTests;
				PRODUCT_NAME = "$(TARGET_NAME)";
				SWIFT_VERSION = 4.0;
				TARGETED_DEVICE_FAMILY = "1,2";
				TEST_HOST = "$(BUILT_PRODUCTS_DIR)/ARPlaneFlyDemo.app/ARPlaneFlyDemo";
			};
			name = Debug;
		};
		4335661820786B6B002800A5 /* Release */ = {
			isa = XCBuildConfiguration;
			buildSettings = {
				ALWAYS_EMBED_SWIFT_STANDARD_LIBRARIES = YES;
				BUNDLE_LOADER = "$(TEST_HOST)";
				CODE_SIGN_STYLE = Automatic;
				INFOPLIST_FILE = ARPlaneFlyDemoTests/Info.plist;
				LD_RUNPATH_SEARCH_PATHS = (
					"$(inherited)",
					"@executable_path/Frameworks",
					"@loader_path/Frameworks",
				);
				PRODUCT_BUNDLE_IDENTIFIER = sankai.ARPlaneFlyDemoTests;
				PRODUCT_NAME = "$(TARGET_NAME)";
				SWIFT_VERSION = 4.0;
				TARGETED_DEVICE_FAMILY = "1,2";
				TEST_HOST = "$(BUILT_PRODUCTS_DIR)/ARPlaneFlyDemo.app/ARPlaneFlyDemo";
			};
			name = Release;
		};
		4335661A20786B6B002800A5 /* Debug */ = {
			isa = XCBuildConfiguration;
			buildSettings = {
				ALWAYS_EMBED_SWIFT_STANDARD_LIBRARIES = YES;
				CODE_SIGN_STYLE = Automatic;
				INFOPLIST_FILE = ARPlaneFlyDemoUITests/Info.plist;
				LD_RUNPATH_SEARCH_PATHS = (
					"$(inherited)",
					"@executable_path/Frameworks",
					"@loader_path/Frameworks",
				);
				PRODUCT_BUNDLE_IDENTIFIER = sankai.ARPlaneFlyDemoUITests;
				PRODUCT_NAME = "$(TARGET_NAME)";
				SWIFT_VERSION = 4.0;
				TARGETED_DEVICE_FAMILY = "1,2";
				TEST_TARGET_NAME = ARPlaneFlyDemo;
			};
			name = Debug;
		};
		4335661B20786B6B002800A5 /* Release */ = {
			isa = XCBuildConfiguration;
			buildSettings = {
				ALWAYS_EMBED_SWIFT_STANDARD_LIBRARIES = YES;
				CODE_SIGN_STYLE = Automatic;
				INFOPLIST_FILE = ARPlaneFlyDemoUITests/Info.plist;
				LD_RUNPATH_SEARCH_PATHS = (
					"$(inherited)",
					"@executable_path/Frameworks",
					"@loader_path/Frameworks",
				);
				PRODUCT_BUNDLE_IDENTIFIER = sankai.ARPlaneFlyDemoUITests;
				PRODUCT_NAME = "$(TARGET_NAME)";
				SWIFT_VERSION = 4.0;
				TARGETED_DEVICE_FAMILY = "1,2";
				TEST_TARGET_NAME = ARPlaneFlyDemo;
			};
			name = Release;
		};
/* End XCBuildConfiguration section */

/* Begin XCConfigurationList section */
		433565E620786B69002800A5 /* Build configuration list for PBXProject "ARPlaneFlyDemo" */ = {
			isa = XCConfigurationList;
			buildConfigurations = (
				4335661120786B6B002800A5 /* Debug */,
				4335661220786B6B002800A5 /* Release */,
			);
			defaultConfigurationIsVisible = 0;
			defaultConfigurationName = Release;
		};
		4335661320786B6B002800A5 /* Build configuration list for PBXNativeTarget "ARPlaneFlyDemo" */ = {
			isa = XCConfigurationList;
			buildConfigurations = (
				4335661420786B6B002800A5 /* Debug */,
				4335661520786B6B002800A5 /* Release */,
			);
			defaultConfigurationIsVisible = 0;
			defaultConfigurationName = Release;
		};
		4335661620786B6B002800A5 /* Build configuration list for PBXNativeTarget "ARPlaneFlyDemoTests" */ = {
			isa = XCConfigurationList;
			buildConfigurations = (
				4335661720786B6B002800A5 /* Debug */,
				4335661820786B6B002800A5 /* Release */,
			);
			defaultConfigurationIsVisible = 0;
			defaultConfigurationName = Release;
		};
		4335661920786B6B002800A5 /* Build configuration list for PBXNativeTarget "ARPlaneFlyDemoUITests" */ = {
			isa = XCConfigurationList;
			buildConfigurations = (
				4335661A20786B6B002800A5 /* Debug */,
				4335661B20786B6B002800A5 /* Release */,
			);
			defaultConfigurationIsVisible = 0;
			defaultConfigurationName = Release;
		};
/* End XCConfigurationList section */
	};
	rootObject = 433565E320786B69002800A5 /* Project object */;
}
